[[package]]
name = "sp"
git_url = "git@github.com:spaderthomas/sp.git"
git_commit = "0c02db82398004e15615a4bdfc520569a7084be7"
build_id = "dfc2a432"

[[package]]
name = "argparse"
git_url = "git@github.com:spaderthomas/argparse.git"
git_commit = "45e0e563c4a79cdda4ed6bcaeaaa234774c6e024"
build_id = "11e20932"

[[package]]
name = "sdl3"
git_url = "git@github.com:libsdl-org/SDL.git"
git_commit = "7323104f970162c4a400a255ab77463532202392"
build_id = "f99ad78d"

[[package]]
name = "utest"
git_url = "git@github.com:sheredom/utest.h.git"
git_commit = "fb622dc480a56cc53ac9562a4436281bef91c989"
build_id = "304b9af9"

[[package]]
name = "toml"
git_url = "git@github.com:tspader/toml.git"
git_commit = "73b6aa43835ff9a3aa80577242dccd2ded4b3820"
build_id = "2c83a82"

[[package]]
name = "dr_libs"
git_url = "git@github.com:mackron/dr_libs.git"
git_commit = "b962384395249f54168d5f5f175c47bd7b39dc1d"
build_id = "e9aa6cc4"

