[[package]]
name = "sp"
git_url = "git@github.com:spaderthomas/sp.git"
git_commit = "0c02db8239"
build_id = "ec53e611"

[[package]]
name = "argparse"
git_url = "git@github.com:spaderthomas/argparse.git"
git_commit = "45e0e563c4"
build_id = "7475cf26"

[[package]]
name = "sdl3"
git_url = "git@github.com:libsdl-org/SDL.git"
git_commit = "1f007ad5cd"
build_id = "fececb17"

[[package]]
name = "utest"
git_url = "git@github.com:sheredom/utest.h.git"
git_commit = "fb622dc480"
build_id = "b1d3b34a"

[[package]]
name = "toml"
git_url = "git@github.com:tspader/toml.git"
git_commit = "73b6aa4383"
build_id = "43d14bfa"

[[package]]
name = "dr_libs"
git_url = "git@github.com:mackron/dr_libs.git"
git_commit = "b962384395"
build_id = "b11add31"

