[spn]
version = "1.0.0"
commit = "00c0fa98"

[[package]]
name = "argparse"
version = "1.2.0"
commit = "f71ed6c7b11c"

[[package]]
name = "sp"
version = "1.6.3"
commit = "1dceca5083dc"

[[package]]
name = "tcc"
version = "1.0.0"
commit = "01d1b7bc7601"

[[package]]
name = "toml"
version = "1.2.0"
commit = "2e8ffdfa215c"

