[[package]]
name = "sp"
git_url = "git@github.com:spaderthomas/sp.git"
git_commit = "24a9a42bb97f286ee5b7675a7d9f324c72a627c1"
build_id = "dfc2a432"

[[package]]
name = "sqlite"
git_url = "git@github.com:sqlite/sqlite.git"
git_commit = "20bfeccb65ec7cd53c5ff4b93c93d9b6d47c63a5"
build_id = "dc223072"

