[[package]]
name = "sp"
git_url = "git@github.com:spaderthomas/sp.git"
git_commit = "0c02db8239"
build_id = "ec53e611"

[[package]]
name = "argparse"
git_url = "git@github.com:spaderthomas/argparse.git"
git_commit = "45e0e563c4"
build_id = "7475cf26"

[[package]]
name = "sdl3"
git_url = "git@github.com:libsdl-org/SDL.git"
git_commit = "1f007ad5cd"
build_id = "fececb17"

